uuid: 901f7336-b34b-4e5d-bd65-bb4a2463abc4
langcode: en
status: true
dependencies:
  module:
    - ctools
    - neuronet_misc
    - user
  theme:
    - bootstrap
id: addjobblock
theme: bootstrap
region: sidebar_second
weight: -10
provider: null
plugin: add_job_block
settings:
  id: add_job_block
  label: 'Add job block'
  provider: neuronet_misc
  label_display: '0'
visibility:
  'entity_bundle:node':
    id: 'entity_bundle:node'
    bundles:
      profile: profile
    negate: false
    context_mapping:
      node: '@node.node_route_context:node'
  user_role:
    id: user_role
    roles:
      administrator: administrator
      alumni: alumni
      deputy_admin: deputy_admin
    negate: false
    context_mapping:
      user: '@user.current_user_context:current_user'
